
Microsoft Visual Studio Solution File, Format Version 12.00
# Visual Studio Version 17
VisualStudioVersion = 17.6.33829.357
MinimumVisualStudioVersion = 10.0.40219.1
Project("{FAE04EC0-301F-11D3-BF4B-00C04F79EFBC}") = "BoSaiTest", "BoSaiTest.csproj", "{EA44AFE7-59B1-40EB-902F-D38266E3300F}"
EndProject
Global
	GlobalSection(SolutionConfigurationPlatforms) = preSolution
		Debug|Any CPU = Debug|Any CPU
		Release|Any CPU = Release|Any CPU
	EndGlobalSection
	GlobalSection(ProjectConfigurationPlatforms) = postSolution
		{EA44AFE7-59B1-40EB-902F-D38266E3300F}.Debug|Any CPU.ActiveCfg = Debug|Any CPU
		{EA44AFE7-59B1-40EB-902F-D38266E3300F}.Debug|Any CPU.Build.0 = Debug|Any CPU
		{EA44AFE7-59B1-40EB-902F-D38266E3300F}.Release|Any CPU.ActiveCfg = Release|Any CPU
		{EA44AFE7-59B1-40EB-902F-D38266E3300F}.Release|Any CPU.Build.0 = Release|Any CPU
	EndGlobalSection
	GlobalSection(SolutionProperties) = preSolution
		HideSolutionNode = FALSE
	EndGlobalSection
	GlobalSection(ExtensibilityGlobals) = postSolution
		SolutionGuid = {E2DAA205-FA7E-41A2-8EB1-B105121E6156}
	EndGlobalSection
EndGlobal
